// !$*UTF8*$!
{
	archiveVersion = 1;
	classes = {
	};
	objectVersion = 50;
	objects = {

/* Begin PBXBuildFile section */
		14F1816D67D425DC9AD586CE /* Pods_PokedexPro.framework in Frameworks */ = {isa = PBXBuildFile; fileRef = 66B4DF11BC380038478BB6BA /* Pods_PokedexPro.framework */; };
		4886EE9C23399CBA00C05024 /* PokemonCell.swift in Sources */ = {isa = PBXBuildFile; fileRef = 4886EE9B23399CBA00C05024 /* PokemonCell.swift */; };
		4886EE9E2339C14C00C05024 /* PokemonDetailController.swift in Sources */ = {isa = PBXBuildFile; fileRef = 4886EE9D2339C14C00C05024 /* PokemonDetailController.swift */; };
		48E309B22336F4380019359D /* NetworkError.swift in Sources */ = {isa = PBXBuildFile; fileRef = 48E309B12336F4380019359D /* NetworkError.swift */; };
		48E309B6233711450019359D /* UIView+Gradient.swift in Sources */ = {isa = PBXBuildFile; fileRef = 48E309B5233711450019359D /* UIView+Gradient.swift */; };
		48E309B8233857300019359D /* PokedexController.swift in Sources */ = {isa = PBXBuildFile; fileRef = 48E309B7233857300019359D /* PokedexController.swift */; };
		48E309BA233857560019359D /* PartyController.swift in Sources */ = {isa = PBXBuildFile; fileRef = 48E309B9233857560019359D /* PartyController.swift */; };
		48E309BC2338576F0019359D /* TrainerProfileController.swift in Sources */ = {isa = PBXBuildFile; fileRef = 48E309BB2338576F0019359D /* TrainerProfileController.swift */; };
		48E309BE233857890019359D /* EditTrainerProfileController.swift in Sources */ = {isa = PBXBuildFile; fileRef = 48E309BD233857890019359D /* EditTrainerProfileController.swift */; };
		48E309C023386ADD0019359D /* Region.swift in Sources */ = {isa = PBXBuildFile; fileRef = 48E309BF23386ADD0019359D /* Region.swift */; };
		48E309C223392BCB0019359D /* TrainerCardView.xib in Resources */ = {isa = PBXBuildFile; fileRef = 48E309C123392BCB0019359D /* TrainerCardView.xib */; };
		48E309C423392BEF0019359D /* TrainerCardView.swift in Sources */ = {isa = PBXBuildFile; fileRef = 48E309C323392BEF0019359D /* TrainerCardView.swift */; };
		48E7B40C2335C1FD00079CE9 /* AppDelegate.swift in Sources */ = {isa = PBXBuildFile; fileRef = 48E7B40B2335C1FD00079CE9 /* AppDelegate.swift */; };
		48E7B40E2335C1FD00079CE9 /* SceneDelegate.swift in Sources */ = {isa = PBXBuildFile; fileRef = 48E7B40D2335C1FD00079CE9 /* SceneDelegate.swift */; };
		48E7B4102335C1FD00079CE9 /* MainController.swift in Sources */ = {isa = PBXBuildFile; fileRef = 48E7B40F2335C1FD00079CE9 /* MainController.swift */; };
		48E7B4132335C1FD00079CE9 /* Main.storyboard in Resources */ = {isa = PBXBuildFile; fileRef = 48E7B4112335C1FD00079CE9 /* Main.storyboard */; };
		48E7B4152335C1FE00079CE9 /* Assets.xcassets in Resources */ = {isa = PBXBuildFile; fileRef = 48E7B4142335C1FE00079CE9 /* Assets.xcassets */; };
		48E7B4182335C1FE00079CE9 /* LaunchScreen.storyboard in Resources */ = {isa = PBXBuildFile; fileRef = 48E7B4162335C1FE00079CE9 /* LaunchScreen.storyboard */; };
		48E7B4272335C32600079CE9 /* IBDesignableViews.swift in Sources */ = {isa = PBXBuildFile; fileRef = 48E7B4262335C32600079CE9 /* IBDesignableViews.swift */; };
		48E7B4292335C38500079CE9 /* PokeApiModel.swift in Sources */ = {isa = PBXBuildFile; fileRef = 48E7B4282335C38500079CE9 /* PokeApiModel.swift */; };
		48E7B42B2335C3A100079CE9 /* PokeApiClient.swift in Sources */ = {isa = PBXBuildFile; fileRef = 48E7B42A2335C3A100079CE9 /* PokeApiClient.swift */; };
		48E7B42D2335C3D600079CE9 /* FileManagerHelper.swift in Sources */ = {isa = PBXBuildFile; fileRef = 48E7B42C2335C3D600079CE9 /* FileManagerHelper.swift */; };
		48E7B42F2335C42900079CE9 /* UIColorConverter+cgColor.swift in Sources */ = {isa = PBXBuildFile; fileRef = 48E7B42E2335C42900079CE9 /* UIColorConverter+cgColor.swift */; };
		48E7B4312335C46700079CE9 /* GradientView.swift in Sources */ = {isa = PBXBuildFile; fileRef = 48E7B4302335C46700079CE9 /* GradientView.swift */; };
		48E7B4332336EE6E00079CE9 /* UIViewController+Alerts.swift in Sources */ = {isa = PBXBuildFile; fileRef = 48E7B4322336EE6E00079CE9 /* UIViewController+Alerts.swift */; };
/* End PBXBuildFile section */

/* Begin PBXFileReference section */
		4886EE9B23399CBA00C05024 /* PokemonCell.swift */ = {isa = PBXFileReference; lastKnownFileType = sourcecode.swift; path = PokemonCell.swift; sourceTree = "<group>"; };
		4886EE9D2339C14C00C05024 /* PokemonDetailController.swift */ = {isa = PBXFileReference; lastKnownFileType = sourcecode.swift; path = PokemonDetailController.swift; sourceTree = "<group>"; };
		48E309B12336F4380019359D /* NetworkError.swift */ = {isa = PBXFileReference; lastKnownFileType = sourcecode.swift; path = NetworkError.swift; sourceTree = "<group>"; };
		48E309B5233711450019359D /* UIView+Gradient.swift */ = {isa = PBXFileReference; lastKnownFileType = sourcecode.swift; path = "UIView+Gradient.swift"; sourceTree = "<group>"; };
		48E309B7233857300019359D /* PokedexController.swift */ = {isa = PBXFileReference; lastKnownFileType = sourcecode.swift; path = PokedexController.swift; sourceTree = "<group>"; };
		48E309B9233857560019359D /* PartyController.swift */ = {isa = PBXFileReference; lastKnownFileType = sourcecode.swift; path = PartyController.swift; sourceTree = "<group>"; };
		48E309BB2338576F0019359D /* TrainerProfileController.swift */ = {isa = PBXFileReference; lastKnownFileType = sourcecode.swift; path = TrainerProfileController.swift; sourceTree = "<group>"; };
		48E309BD233857890019359D /* EditTrainerProfileController.swift */ = {isa = PBXFileReference; lastKnownFileType = sourcecode.swift; path = EditTrainerProfileController.swift; sourceTree = "<group>"; };
		48E309BF23386ADD0019359D /* Region.swift */ = {isa = PBXFileReference; lastKnownFileType = sourcecode.swift; path = Region.swift; sourceTree = "<group>"; };
		48E309C123392BCB0019359D /* TrainerCardView.xib */ = {isa = PBXFileReference; lastKnownFileType = file.xib; path = TrainerCardView.xib; sourceTree = "<group>"; };
		48E309C323392BEF0019359D /* TrainerCardView.swift */ = {isa = PBXFileReference; lastKnownFileType = sourcecode.swift; path = TrainerCardView.swift; sourceTree = "<group>"; };
		48E7B4082335C1FD00079CE9 /* PokedexPro.app */ = {isa = PBXFileReference; explicitFileType = wrapper.application; includeInIndex = 0; path = PokedexPro.app; sourceTree = BUILT_PRODUCTS_DIR; };
		48E7B40B2335C1FD00079CE9 /* AppDelegate.swift */ = {isa = PBXFileReference; lastKnownFileType = sourcecode.swift; path = AppDelegate.swift; sourceTree = "<group>"; };
		48E7B40D2335C1FD00079CE9 /* SceneDelegate.swift */ = {isa = PBXFileReference; lastKnownFileType = sourcecode.swift; path = SceneDelegate.swift; sourceTree = "<group>"; };
		48E7B40F2335C1FD00079CE9 /* MainController.swift */ = {isa = PBXFileReference; lastKnownFileType = sourcecode.swift; path = MainController.swift; sourceTree = "<group>"; };
		48E7B4122335C1FD00079CE9 /* Base */ = {isa = PBXFileReference; lastKnownFileType = file.storyboard; name = Base; path = Base.lproj/Main.storyboard; sourceTree = "<group>"; };
		48E7B4142335C1FE00079CE9 /* Assets.xcassets */ = {isa = PBXFileReference; lastKnownFileType = folder.assetcatalog; path = Assets.xcassets; sourceTree = "<group>"; };
		48E7B4172335C1FE00079CE9 /* Base */ = {isa = PBXFileReference; lastKnownFileType = file.storyboard; name = Base; path = Base.lproj/LaunchScreen.storyboard; sourceTree = "<group>"; };
		48E7B4192335C1FE00079CE9 /* Info.plist */ = {isa = PBXFileReference; lastKnownFileType = text.plist.xml; path = Info.plist; sourceTree = "<group>"; };
		48E7B4262335C32600079CE9 /* IBDesignableViews.swift */ = {isa = PBXFileReference; lastKnownFileType = sourcecode.swift; path = IBDesignableViews.swift; sourceTree = "<group>"; };
		48E7B4282335C38500079CE9 /* PokeApiModel.swift */ = {isa = PBXFileReference; lastKnownFileType = sourcecode.swift; path = PokeApiModel.swift; sourceTree = "<group>"; };
		48E7B42A2335C3A100079CE9 /* PokeApiClient.swift */ = {isa = PBXFileReference; lastKnownFileType = sourcecode.swift; path = PokeApiClient.swift; sourceTree = "<group>"; };
		48E7B42C2335C3D600079CE9 /* FileManagerHelper.swift */ = {isa = PBXFileReference; lastKnownFileType = sourcecode.swift; path = FileManagerHelper.swift; sourceTree = "<group>"; };
		48E7B42E2335C42900079CE9 /* UIColorConverter+cgColor.swift */ = {isa = PBXFileReference; lastKnownFileType = sourcecode.swift; path = "UIColorConverter+cgColor.swift"; sourceTree = "<group>"; };
		48E7B4302335C46700079CE9 /* GradientView.swift */ = {isa = PBXFileReference; lastKnownFileType = sourcecode.swift; path = GradientView.swift; sourceTree = "<group>"; };
		48E7B4322336EE6E00079CE9 /* UIViewController+Alerts.swift */ = {isa = PBXFileReference; lastKnownFileType = sourcecode.swift; path = "UIViewController+Alerts.swift"; sourceTree = "<group>"; };
		66B4DF11BC380038478BB6BA /* Pods_PokedexPro.framework */ = {isa = PBXFileReference; explicitFileType = wrapper.framework; includeInIndex = 0; path = Pods_PokedexPro.framework; sourceTree = BUILT_PRODUCTS_DIR; };
		98D4C8457EA4FEF792A87A9A /* Pods-PokedexPro.release.xcconfig */ = {isa = PBXFileReference; includeInIndex = 1; lastKnownFileType = text.xcconfig; name = "Pods-PokedexPro.release.xcconfig"; path = "Target Support Files/Pods-PokedexPro/Pods-PokedexPro.release.xcconfig"; sourceTree = "<group>"; };
		AB2F6D94B24541C04A5DFF13 /* Pods-PokedexPro.debug.xcconfig */ = {isa = PBXFileReference; includeInIndex = 1; lastKnownFileType = text.xcconfig; name = "Pods-PokedexPro.debug.xcconfig"; path = "Target Support Files/Pods-PokedexPro/Pods-PokedexPro.debug.xcconfig"; sourceTree = "<group>"; };
/* End PBXFileReference section */

/* Begin PBXFrameworksBuildPhase section */
		48E7B4052335C1FD00079CE9 /* Frameworks */ = {
			isa = PBXFrameworksBuildPhase;
			buildActionMask = 2147483647;
			files = (
				14F1816D67D425DC9AD586CE /* Pods_PokedexPro.framework in Frameworks */,
			);
			runOnlyForDeploymentPostprocessing = 0;
		};
/* End PBXFrameworksBuildPhase section */

/* Begin PBXGroup section */
		4886EE9823399C5F00C05024 /* Cells */ = {
			isa = PBXGroup;
			children = (
				4886EE9B23399CBA00C05024 /* PokemonCell.swift */,
			);
			path = Cells;
			sourceTree = "<group>";
		};
		48E7B3FF2335C1FD00079CE9 = {
			isa = PBXGroup;
			children = (
				48E7B40A2335C1FD00079CE9 /* PokedexPro */,
				48E7B4092335C1FD00079CE9 /* Products */,
				D1C2F60846145966B6BF60FA /* Pods */,
				672B624600FE51C600399A39 /* Frameworks */,
			);
			sourceTree = "<group>";
		};
		48E7B4092335C1FD00079CE9 /* Products */ = {
			isa = PBXGroup;
			children = (
				48E7B4082335C1FD00079CE9 /* PokedexPro.app */,
			);
			name = Products;
			sourceTree = "<group>";
		};
		48E7B40A2335C1FD00079CE9 /* PokedexPro */ = {
			isa = PBXGroup;
			children = (
				4886EE9823399C5F00C05024 /* Cells */,
				48E7B4252335C29C00079CE9 /* Extensions */,
				48E7B4242335C28F00079CE9 /* SwiftyHelpers */,
				48E7B4232335C28000079CE9 /* Clients */,
				48E7B4222335C27300079CE9 /* Model */,
				48E7B41F2335C20F00079CE9 /* SupportingFiles */,
				48E7B4212335C24900079CE9 /* Controllers */,
				48E7B4202335C23100079CE9 /* Views */,
				48E7B4192335C1FE00079CE9 /* Info.plist */,
			);
			path = PokedexPro;
			sourceTree = "<group>";
		};
		48E7B41F2335C20F00079CE9 /* SupportingFiles */ = {
			isa = PBXGroup;
			children = (
				48E7B40B2335C1FD00079CE9 /* AppDelegate.swift */,
				48E7B40D2335C1FD00079CE9 /* SceneDelegate.swift */,
				48E7B4112335C1FD00079CE9 /* Main.storyboard */,
				48E7B4142335C1FE00079CE9 /* Assets.xcassets */,
				48E7B4162335C1FE00079CE9 /* LaunchScreen.storyboard */,
			);
			path = SupportingFiles;
			sourceTree = "<group>";
		};
		48E7B4202335C23100079CE9 /* Views */ = {
			isa = PBXGroup;
			children = (
				48E7B4262335C32600079CE9 /* IBDesignableViews.swift */,
				48E7B4302335C46700079CE9 /* GradientView.swift */,
				48E309C123392BCB0019359D /* TrainerCardView.xib */,
				48E309C323392BEF0019359D /* TrainerCardView.swift */,
			);
			path = Views;
			sourceTree = "<group>";
		};
		48E7B4212335C24900079CE9 /* Controllers */ = {
			isa = PBXGroup;
			children = (
				48E7B40F2335C1FD00079CE9 /* MainController.swift */,
				4886EE9D2339C14C00C05024 /* PokemonDetailController.swift */,
				48E309B7233857300019359D /* PokedexController.swift */,
				48E309B9233857560019359D /* PartyController.swift */,
				48E309BB2338576F0019359D /* TrainerProfileController.swift */,
				48E309BD233857890019359D /* EditTrainerProfileController.swift */,
			);
			path = Controllers;
			sourceTree = "<group>";
		};
		48E7B4222335C27300079CE9 /* Model */ = {
			isa = PBXGroup;
			children = (
				48E7B4282335C38500079CE9 /* PokeApiModel.swift */,
				48E309BF23386ADD0019359D /* Region.swift */,
			);
			path = Model;
			sourceTree = "<group>";
		};
		48E7B4232335C28000079CE9 /* Clients */ = {
			isa = PBXGroup;
			children = (
				48E7B42A2335C3A100079CE9 /* PokeApiClient.swift */,
			);
			path = Clients;
			sourceTree = "<group>";
		};
		48E7B4242335C28F00079CE9 /* SwiftyHelpers */ = {
			isa = PBXGroup;
			children = (
				48E7B42C2335C3D600079CE9 /* FileManagerHelper.swift */,
				48E309B12336F4380019359D /* NetworkError.swift */,
			);
			path = SwiftyHelpers;
			sourceTree = "<group>";
		};
		48E7B4252335C29C00079CE9 /* Extensions */ = {
			isa = PBXGroup;
			children = (
				48E7B42E2335C42900079CE9 /* UIColorConverter+cgColor.swift */,
				48E7B4322336EE6E00079CE9 /* UIViewController+Alerts.swift */,
				48E309B5233711450019359D /* UIView+Gradient.swift */,
			);
			path = Extensions;
			sourceTree = "<group>";
		};
		672B624600FE51C600399A39 /* Frameworks */ = {
			isa = PBXGroup;
			children = (
				66B4DF11BC380038478BB6BA /* Pods_PokedexPro.framework */,
			);
			name = Frameworks;
			sourceTree = "<group>";
		};
		D1C2F60846145966B6BF60FA /* Pods */ = {
			isa = PBXGroup;
			children = (
				AB2F6D94B24541C04A5DFF13 /* Pods-PokedexPro.debug.xcconfig */,
				98D4C8457EA4FEF792A87A9A /* Pods-PokedexPro.release.xcconfig */,
			);
			path = Pods;
			sourceTree = "<group>";
		};
/* End PBXGroup section */

/* Begin PBXNativeTarget section */
		48E7B4072335C1FD00079CE9 /* PokedexPro */ = {
			isa = PBXNativeTarget;
			buildConfigurationList = 48E7B41C2335C1FE00079CE9 /* Build configuration list for PBXNativeTarget "PokedexPro" */;
			buildPhases = (
				1ED724481C23461241C41A81 /* [CP] Check Pods Manifest.lock */,
				48E7B4042335C1FD00079CE9 /* Sources */,
				48E7B4052335C1FD00079CE9 /* Frameworks */,
				48E7B4062335C1FD00079CE9 /* Resources */,
				40BBE7CEBE2DA885ABEAA2F2 /* [CP] Embed Pods Frameworks */,
			);
			buildRules = (
			);
			dependencies = (
			);
			name = PokedexPro;
			productName = PokedexPro;
			productReference = 48E7B4082335C1FD00079CE9 /* PokedexPro.app */;
			productType = "com.apple.product-type.application";
		};
/* End PBXNativeTarget section */

/* Begin PBXProject section */
		48E7B4002335C1FD00079CE9 /* Project object */ = {
			isa = PBXProject;
			attributes = {
				LastSwiftUpdateCheck = 1100;
				LastUpgradeCheck = 1100;
				ORGANIZATIONNAME = "Ibraheem rawlinson";
				TargetAttributes = {
					48E7B4072335C1FD00079CE9 = {
						CreatedOnToolsVersion = 11.0;
					};
				};
			};
			buildConfigurationList = 48E7B4032335C1FD00079CE9 /* Build configuration list for PBXProject "PokedexPro" */;
			compatibilityVersion = "Xcode 9.3";
			developmentRegion = en;
			hasScannedForEncodings = 0;
			knownRegions = (
				en,
				Base,
			);
			mainGroup = 48E7B3FF2335C1FD00079CE9;
			productRefGroup = 48E7B4092335C1FD00079CE9 /* Products */;
			projectDirPath = "";
			projectRoot = "";
			targets = (
				48E7B4072335C1FD00079CE9 /* PokedexPro */,
			);
		};
/* End PBXProject section */

/* Begin PBXResourcesBuildPhase section */
		48E7B4062335C1FD00079CE9 /* Resources */ = {
			isa = PBXResourcesBuildPhase;
			buildActionMask = 2147483647;
			files = (
				48E7B4182335C1FE00079CE9 /* LaunchScreen.storyboard in Resources */,
				48E7B4152335C1FE00079CE9 /* Assets.xcassets in Resources */,
				48E309C223392BCB0019359D /* TrainerCardView.xib in Resources */,
				48E7B4132335C1FD00079CE9 /* Main.storyboard in Resources */,
			);
			runOnlyForDeploymentPostprocessing = 0;
		};
/* End PBXResourcesBuildPhase section */

/* Begin PBXShellScriptBuildPhase section */
		1ED724481C23461241C41A81 /* [CP] Check Pods Manifest.lock */ = {
			isa = PBXShellScriptBuildPhase;
			buildActionMask = 2147483647;
			files = (
			);
			inputFileListPaths = (
			);
			inputPaths = (
				"${PODS_PODFILE_DIR_PATH}/Podfile.lock",
				"${PODS_ROOT}/Manifest.lock",
			);
			name = "[CP] Check Pods Manifest.lock";
			outputFileListPaths = (
			);
			outputPaths = (
				"$(DERIVED_FILE_DIR)/Pods-PokedexPro-checkManifestLockResult.txt",
			);
			runOnlyForDeploymentPostprocessing = 0;
			shellPath = /bin/sh;
			shellScript = "diff \"${PODS_PODFILE_DIR_PATH}/Podfile.lock\" \"${PODS_ROOT}/Manifest.lock\" > /dev/null\nif [ $? != 0 ] ; then\n    # print error to STDERR\n    echo \"error: The sandbox is not in sync with the Podfile.lock. Run 'pod install' or update your CocoaPods installation.\" >&2\n    exit 1\nfi\n# This output is used by Xcode 'outputs' to avoid re-running this script phase.\necho \"SUCCESS\" > \"${SCRIPT_OUTPUT_FILE_0}\"\n";
			showEnvVarsInLog = 0;
		};
		40BBE7CEBE2DA885ABEAA2F2 /* [CP] Embed Pods Frameworks */ = {
			isa = PBXShellScriptBuildPhase;
			buildActionMask = 2147483647;
			files = (
			);
			inputFileListPaths = (
			);
			inputPaths = (
				"${PODS_ROOT}/Target Support Files/Pods-PokedexPro/Pods-PokedexPro-frameworks.sh",
				"${BUILT_PRODUCTS_DIR}/Toucan/Toucan.framework",
			);
			name = "[CP] Embed Pods Frameworks";
			outputFileListPaths = (
			);
			outputPaths = (
				"${TARGET_BUILD_DIR}/${FRAMEWORKS_FOLDER_PATH}/Toucan.framework",
			);
			runOnlyForDeploymentPostprocessing = 0;
			shellPath = /bin/sh;
			shellScript = "\"${PODS_ROOT}/Target Support Files/Pods-PokedexPro/Pods-PokedexPro-frameworks.sh\"\n";
			showEnvVarsInLog = 0;
		};
/* End PBXShellScriptBuildPhase section */

/* Begin PBXSourcesBuildPhase section */
		48E7B4042335C1FD00079CE9 /* Sources */ = {
			isa = PBXSourcesBuildPhase;
			buildActionMask = 2147483647;
			files = (
				48E7B4292335C38500079CE9 /* PokeApiModel.swift in Sources */,
				48E309C023386ADD0019359D /* Region.swift in Sources */,
				48E309BE233857890019359D /* EditTrainerProfileController.swift in Sources */,
				48E7B4102335C1FD00079CE9 /* MainController.swift in Sources */,
				4886EE9E2339C14C00C05024 /* PokemonDetailController.swift in Sources */,
				48E309B8233857300019359D /* PokedexController.swift in Sources */,
				48E7B42F2335C42900079CE9 /* UIColorConverter+cgColor.swift in Sources */,
				48E7B4332336EE6E00079CE9 /* UIViewController+Alerts.swift in Sources */,
				48E7B42B2335C3A100079CE9 /* PokeApiClient.swift in Sources */,
				48E309B6233711450019359D /* UIView+Gradient.swift in Sources */,
				48E7B42D2335C3D600079CE9 /* FileManagerHelper.swift in Sources */,
				48E309BC2338576F0019359D /* TrainerProfileController.swift in Sources */,
				4886EE9C23399CBA00C05024 /* PokemonCell.swift in Sources */,
				48E7B4272335C32600079CE9 /* IBDesignableViews.swift in Sources */,
				48E7B40C2335C1FD00079CE9 /* AppDelegate.swift in Sources */,
				48E7B40E2335C1FD00079CE9 /* SceneDelegate.swift in Sources */,
				48E309B22336F4380019359D /* NetworkError.swift in Sources */,
				48E309BA233857560019359D /* PartyController.swift in Sources */,
				48E309C423392BEF0019359D /* TrainerCardView.swift in Sources */,
				48E7B4312335C46700079CE9 /* GradientView.swift in Sources */,
			);
			runOnlyForDeploymentPostprocessing = 0;
		};
/* End PBXSourcesBuildPhase section */

/* Begin PBXVariantGroup section */
		48E7B4112335C1FD00079CE9 /* Main.storyboard */ = {
			isa = PBXVariantGroup;
			children = (
				48E7B4122335C1FD00079CE9 /* Base */,
			);
			name = Main.storyboard;
			sourceTree = "<group>";
		};
		48E7B4162335C1FE00079CE9 /* LaunchScreen.storyboard */ = {
			isa = PBXVariantGroup;
			children = (
				48E7B4172335C1FE00079CE9 /* Base */,
			);
			name = LaunchScreen.storyboard;
			sourceTree = "<group>";
		};
/* End PBXVariantGroup section */

/* Begin XCBuildConfiguration section */
		48E7B41A2335C1FE00079CE9 /* Debug */ = {
			isa = XCBuildConfiguration;
			buildSettings = {
				ALWAYS_SEARCH_USER_PATHS = NO;
				CLANG_ANALYZER_NONNULL = YES;
				CLANG_ANALYZER_NUMBER_OBJECT_CONVERSION = YES_AGGRESSIVE;
				CLANG_CXX_LANGUAGE_STANDARD = "gnu++14";
				CLANG_CXX_LIBRARY = "libc++";
				CLANG_ENABLE_MODULES = YES;
				CLANG_ENABLE_OBJC_ARC = YES;
				CLANG_ENABLE_OBJC_WEAK = YES;
				CLANG_WARN_BLOCK_CAPTURE_AUTORELEASING = YES;
				CLANG_WARN_BOOL_CONVERSION = YES;
				CLANG_WARN_COMMA = YES;
				CLANG_WARN_CONSTANT_CONVERSION = YES;
				CLANG_WARN_DEPRECATED_OBJC_IMPLEMENTATIONS = YES;
				CLANG_WARN_DIRECT_OBJC_ISA_USAGE = YES_ERROR;
				CLANG_WARN_DOCUMENTATION_COMMENTS = YES;
				CLANG_WARN_EMPTY_BODY = YES;
				CLANG_WARN_ENUM_CONVERSION = YES;
				CLANG_WARN_INFINITE_RECURSION = YES;
				CLANG_WARN_INT_CONVERSION = YES;
				CLANG_WARN_NON_LITERAL_NULL_CONVERSION = YES;
				CLANG_WARN_OBJC_IMPLICIT_RETAIN_SELF = YES;
				CLANG_WARN_OBJC_LITERAL_CONVERSION = YES;
				CLANG_WARN_OBJC_ROOT_CLASS = YES_ERROR;
				CLANG_WARN_RANGE_LOOP_ANALYSIS = YES;
				CLANG_WARN_STRICT_PROTOTYPES = YES;
				CLANG_WARN_SUSPICIOUS_MOVE = YES;
				CLANG_WARN_UNGUARDED_AVAILABILITY = YES_AGGRESSIVE;
				CLANG_WARN_UNREACHABLE_CODE = YES;
				CLANG_WARN__DUPLICATE_METHOD_MATCH = YES;
				COPY_PHASE_STRIP = NO;
				DEBUG_INFORMATION_FORMAT = dwarf;
				ENABLE_STRICT_OBJC_MSGSEND = YES;
				ENABLE_TESTABILITY = YES;
				GCC_C_LANGUAGE_STANDARD = gnu11;
				GCC_DYNAMIC_NO_PIC = NO;
				GCC_NO_COMMON_BLOCKS = YES;
				GCC_OPTIMIZATION_LEVEL = 0;
				GCC_PREPROCESSOR_DEFINITIONS = (
					"DEBUG=1",
					"$(inherited)",
				);
				GCC_WARN_64_TO_32_BIT_CONVERSION = YES;
				GCC_WARN_ABOUT_RETURN_TYPE = YES_ERROR;
				GCC_WARN_UNDECLARED_SELECTOR = YES;
				GCC_WARN_UNINITIALIZED_AUTOS = YES_AGGRESSIVE;
				GCC_WARN_UNUSED_FUNCTION = YES;
				GCC_WARN_UNUSED_VARIABLE = YES;
				IPHONEOS_DEPLOYMENT_TARGET = 13.0;
				MTL_ENABLE_DEBUG_INFO = INCLUDE_SOURCE;
				MTL_FAST_MATH = YES;
				ONLY_ACTIVE_ARCH = YES;
				SDKROOT = iphoneos;
				SWIFT_ACTIVE_COMPILATION_CONDITIONS = DEBUG;
				SWIFT_OPTIMIZATION_LEVEL = "-Onone";
			};
			name = Debug;
		};
		48E7B41B2335C1FE00079CE9 /* Release */ = {
			isa = XCBuildConfiguration;
			buildSettings = {
				ALWAYS_SEARCH_USER_PATHS = NO;
				CLANG_ANALYZER_NONNULL = YES;
				CLANG_ANALYZER_NUMBER_OBJECT_CONVERSION = YES_AGGRESSIVE;
				CLANG_CXX_LANGUAGE_STANDARD = "gnu++14";
				CLANG_CXX_LIBRARY = "libc++";
				CLANG_ENABLE_MODULES = YES;
				CLANG_ENABLE_OBJC_ARC = YES;
				CLANG_ENABLE_OBJC_WEAK = YES;
				CLANG_WARN_BLOCK_CAPTURE_AUTORELEASING = YES;
				CLANG_WARN_BOOL_CONVERSION = YES;
				CLANG_WARN_COMMA = YES;
				CLANG_WARN_CONSTANT_CONVERSION = YES;
				CLANG_WARN_DEPRECATED_OBJC_IMPLEMENTATIONS = YES;
				CLANG_WARN_DIRECT_OBJC_ISA_USAGE = YES_ERROR;
				CLANG_WARN_DOCUMENTATION_COMMENTS = YES;
				CLANG_WARN_EMPTY_BODY = YES;
				CLANG_WARN_ENUM_CONVERSION = YES;
				CLANG_WARN_INFINITE_RECURSION = YES;
				CLANG_WARN_INT_CONVERSION = YES;
				CLANG_WARN_NON_LITERAL_NULL_CONVERSION = YES;
				CLANG_WARN_OBJC_IMPLICIT_RETAIN_SELF = YES;
				CLANG_WARN_OBJC_LITERAL_CONVERSION = YES;
				CLANG_WARN_OBJC_ROOT_CLASS = YES_ERROR;
				CLANG_WARN_RANGE_LOOP_ANALYSIS = YES;
				CLANG_WARN_STRICT_PROTOTYPES = YES;
				CLANG_WARN_SUSPICIOUS_MOVE = YES;
				CLANG_WARN_UNGUARDED_AVAILABILITY = YES_AGGRESSIVE;
				CLANG_WARN_UNREACHABLE_CODE = YES;
				CLANG_WARN__DUPLICATE_METHOD_MATCH = YES;
				COPY_PHASE_STRIP = NO;
				DEBUG_INFORMATION_FORMAT = "dwarf-with-dsym";
				ENABLE_NS_ASSERTIONS = NO;
				ENABLE_STRICT_OBJC_MSGSEND = YES;
				GCC_C_LANGUAGE_STANDARD = gnu11;
				GCC_NO_COMMON_BLOCKS = YES;
				GCC_WARN_64_TO_32_BIT_CONVERSION = YES;
				GCC_WARN_ABOUT_RETURN_TYPE = YES_ERROR;
				GCC_WARN_UNDECLARED_SELECTOR = YES;
				GCC_WARN_UNINITIALIZED_AUTOS = YES_AGGRESSIVE;
				GCC_WARN_UNUSED_FUNCTION = YES;
				GCC_WARN_UNUSED_VARIABLE = YES;
				IPHONEOS_DEPLOYMENT_TARGET = 13.0;
				MTL_ENABLE_DEBUG_INFO = NO;
				MTL_FAST_MATH = YES;
				SDKROOT = iphoneos;
				SWIFT_COMPILATION_MODE = wholemodule;
				SWIFT_OPTIMIZATION_LEVEL = "-O";
				VALIDATE_PRODUCT = YES;
			};
			name = Release;
		};
		48E7B41D2335C1FE00079CE9 /* Debug */ = {
			isa = XCBuildConfiguration;
			baseConfigurationReference = AB2F6D94B24541C04A5DFF13 /* Pods-PokedexPro.debug.xcconfig */;
			buildSettings = {
				ASSETCATALOG_COMPILER_APPICON_NAME = AppIcon;
				CODE_SIGN_STYLE = Automatic;
				DEVELOPMENT_TEAM = 465ZSD32S3;
				INFOPLIST_FILE = PokedexPro/Info.plist;
				LD_RUNPATH_SEARCH_PATHS = (
					"$(inherited)",
					"@executable_path/Frameworks",
				);
				PRODUCT_BUNDLE_IDENTIFIER = ibraheem.PokedexPro;
				PRODUCT_NAME = "$(TARGET_NAME)";
				SWIFT_VERSION = 5.0;
				TARGETED_DEVICE_FAMILY = "1,2";
			};
			name = Debug;
		};
		48E7B41E2335C1FE00079CE9 /* Release */ = {
			isa = XCBuildConfiguration;
			baseConfigurationReference = 98D4C8457EA4FEF792A87A9A /* Pods-PokedexPro.release.xcconfig */;
			buildSettings = {
				ASSETCATALOG_COMPILER_APPICON_NAME = AppIcon;
				CODE_SIGN_STYLE = Automatic;
				DEVELOPMENT_TEAM = 465ZSD32S3;
				INFOPLIST_FILE = PokedexPro/Info.plist;
				LD_RUNPATH_SEARCH_PATHS = (
					"$(inherited)",
					"@executable_path/Frameworks",
				);
				PRODUCT_BUNDLE_IDENTIFIER = ibraheem.PokedexPro;
				PRODUCT_NAME = "$(TARGET_NAME)";
				SWIFT_VERSION = 5.0;
				TARGETED_DEVICE_FAMILY = "1,2";
			};
			name = Release;
		};
/* End XCBuildConfiguration section */

/* Begin XCConfigurationList section */
		48E7B4032335C1FD00079CE9 /* Build configuration list for PBXProject "PokedexPro" */ = {
			isa = XCConfigurationList;
			buildConfigurations = (
				48E7B41A2335C1FE00079CE9 /* Debug */,
				48E7B41B2335C1FE00079CE9 /* Release */,
			);
			defaultConfigurationIsVisible = 0;
			defaultConfigurationName = Release;
		};
		48E7B41C2335C1FE00079CE9 /* Build configuration list for PBXNativeTarget "PokedexPro" */ = {
			isa = XCConfigurationList;
			buildConfigurations = (
				48E7B41D2335C1FE00079CE9 /* Debug */,
				48E7B41E2335C1FE00079CE9 /* Release */,
			);
			defaultConfigurationIsVisible = 0;
			defaultConfigurationName = Release;
		};
/* End XCConfigurationList section */
	};
	rootObject = 48E7B4002335C1FD00079CE9 /* Project object */;
}
